
Microsoft Visual Studio Solution File, Format Version 12.00
# Visual Studio Version 17
VisualStudioVersion = 17.9.34701.34
MinimumVisualStudioVersion = 10.0.40219.1
Project("{FAE04EC0-301F-11D3-BF4B-00C04F79EFBC}") = "CalcularCapitalFinal", "CalcularCapitalFinal\CalcularCapitalFinal.csproj", "{1679AEBA-DA69-49C3-82C3-CEB522D19409}"
EndProject
Global
	GlobalSection(SolutionConfigurationPlatforms) = preSolution
		Debug|Any CPU = Debug|Any CPU
		Release|Any CPU = Release|Any CPU
	EndGlobalSection
	GlobalSection(ProjectConfigurationPlatforms) = postSolution
		{1679AEBA-DA69-49C3-82C3-CEB522D19409}.Debug|Any CPU.ActiveCfg = Debug|Any CPU
		{1679AEBA-DA69-49C3-82C3-CEB522D19409}.Debug|Any CPU.Build.0 = Debug|Any CPU
		{1679AEBA-DA69-49C3-82C3-CEB522D19409}.Release|Any CPU.ActiveCfg = Release|Any CPU
		{1679AEBA-DA69-49C3-82C3-CEB522D19409}.Release|Any CPU.Build.0 = Release|Any CPU
	EndGlobalSection
	GlobalSection(SolutionProperties) = preSolution
		HideSolutionNode = FALSE
	EndGlobalSection
	GlobalSection(ExtensibilityGlobals) = postSolution
		SolutionGuid = {1D5DD437-EF74-45D9-A629-749F7109E8B6}
	EndGlobalSection
EndGlobal
